
Microsoft Visual Studio Solution File, Format Version 12.00
# Visual Studio Version 17
VisualStudioVersion = 17.10.34607.79
MinimumVisualStudioVersion = 10.0.40219.1
Project("{FAE04EC0-301F-11D3-BF4B-00C04F79EFBC}") = "LMS.Extended.SupportBot", "LMS.Extended.SupportBot\LMS.Extended.SupportBot.csproj", "{F889497A-927C-4E94-BB8C-2490EE5144F4}"
EndProject
Global
	GlobalSection(SolutionConfigurationPlatforms) = preSolution
		Debug|Any CPU = Debug|Any CPU
		Release|Any CPU = Release|Any CPU
	EndGlobalSection
	GlobalSection(ProjectConfigurationPlatforms) = postSolution
		{F889497A-927C-4E94-BB8C-2490EE5144F4}.Debug|Any CPU.ActiveCfg = Debug|Any CPU
		{F889497A-927C-4E94-BB8C-2490EE5144F4}.Debug|Any CPU.Build.0 = Debug|Any CPU
		{F889497A-927C-4E94-BB8C-2490EE5144F4}.Release|Any CPU.ActiveCfg = Release|Any CPU
		{F889497A-927C-4E94-BB8C-2490EE5144F4}.Release|Any CPU.Build.0 = Release|Any CPU
	EndGlobalSection
	GlobalSection(SolutionProperties) = preSolution
		HideSolutionNode = FALSE
	EndGlobalSection
	GlobalSection(ExtensibilityGlobals) = postSolution
		SolutionGuid = {2D800D9D-D16D-4583-B714-8C9AA06C99C9}
	EndGlobalSection
EndGlobal
